
Microsoft Visual Studio Solution File, Format Version 12.00
# Visual Studio Version 17
VisualStudioVersion = 17.9.34902.65
MinimumVisualStudioVersion = 10.0.40219.1
Project("{2150E333-8FDC-42A3-9474-1A3956D46DE8}") = "Services", "Services", "{6A5A6CA1-2360-43C1-8ACE-27673976FBE1}"
EndProject
Project("{2150E333-8FDC-42A3-9474-1A3956D46DE8}") = "Catalog", "Catalog", "{3ABAB08A-7483-4288-8E72-67FC5E8A1F4F}"
EndProject
Project("{FAE04EC0-301F-11D3-BF4B-00C04F79EFBC}") = "Catalog.API", "Services\Catalog\Catalog.API\Catalog.API.csproj", "{FADAD1A7-6D1B-4B8C-83D7-0B99BBA87206}"
EndProject
Global
	GlobalSection(SolutionConfigurationPlatforms) = preSolution
		Debug|Any CPU = Debug|Any CPU
		Release|Any CPU = Release|Any CPU
	EndGlobalSection
	GlobalSection(ProjectConfigurationPlatforms) = postSolution
		{FADAD1A7-6D1B-4B8C-83D7-0B99BBA87206}.Debug|Any CPU.ActiveCfg = Debug|Any CPU
		{FADAD1A7-6D1B-4B8C-83D7-0B99BBA87206}.Debug|Any CPU.Build.0 = Debug|Any CPU
		{FADAD1A7-6D1B-4B8C-83D7-0B99BBA87206}.Release|Any CPU.ActiveCfg = Release|Any CPU
		{FADAD1A7-6D1B-4B8C-83D7-0B99BBA87206}.Release|Any CPU.Build.0 = Release|Any CPU
	EndGlobalSection
	GlobalSection(SolutionProperties) = preSolution
		HideSolutionNode = FALSE
	EndGlobalSection
	GlobalSection(NestedProjects) = preSolution
		{3ABAB08A-7483-4288-8E72-67FC5E8A1F4F} = {6A5A6CA1-2360-43C1-8ACE-27673976FBE1}
		{FADAD1A7-6D1B-4B8C-83D7-0B99BBA87206} = {3ABAB08A-7483-4288-8E72-67FC5E8A1F4F}
	EndGlobalSection
	GlobalSection(ExtensibilityGlobals) = postSolution
		SolutionGuid = {CA8537B9-9C5D-4195-B280-1BDAFF9B1939}
	EndGlobalSection
EndGlobal
